<?xml version="1.0"?>
<CONFIG>
  <ProjectOptions>
    <Version Value="9"/>
    <General>
      <MainUnit Value="0"/>
      <UseXPManifest Value="True"/>
      <ActiveWindowIndexAtStart Value="0"/>
    </General>
    <VersionInfo>
      <Language Value=""/>
      <CharSet Value=""/>
      <StringTable ProductVersion=""/>
    </VersionInfo>
    <BuildModes Count="1">
      <Item1 Name="default" Default="True"/>
    </BuildModes>
    <PublishOptions>
      <Version Value="2"/>
      <IgnoreBinaries Value="False"/>
      <IncludeFileFilter Value="*.(pas|pp|inc|lfm|lpr|lrs|lpi|lpk|sh|xml)"/>
      <ExcludeFileFilter Value="*.(bak|ppu|ppw|o|so);*~;backup"/>
    </PublishOptions>
    <RunParams>
      <local>
        <FormatVersion Value="1"/>
        <LaunchingApplication PathPlusParams="/usr/X11R6/bin/xterm -T 'Lazarus Run Output' -e $(LazarusDir)/tools/runwait.sh $(TargetCmdLine)"/>
      </local>
    </RunParams>
    <RequiredPackages Count="5">
      <Item1>
        <PackageName Value="PasLibVlcPlayer"/>
      </Item1>
      <Item2>
        <PackageName Value="laztransctrls"/>
      </Item2>
      <Item3>
        <PackageName Value="virtualtreeview_package"/>
      </Item3>
      <Item4>
        <PackageName Value="lazrichview"/>
      </Item4>
      <Item5>
        <PackageName Value="LCL"/>
      </Item5>
    </RequiredPackages>
    <Units Count="89">
      <Unit0>
        <Filename Value="Go.lpr"/>
        <UnitName Value="Go"/>
        <EditorIndex Value="0"/>
        <WindowIndex Value="0"/>
        <TopLine Value="1"/>
        <CursorPos X="44" Y="34"/>
        <UsageCount Value="20"/>
        <Loaded Value="True"/>
        <LoadedDesigner Value="True"/>
        <DefaultSyntaxHighlighter Value="Delphi"/>
      </Unit0>
      <Unit1>
        <Filename Value="BRUSHEDT.PAS"/>
        <IsPartOfProject Value="True"/>
        <UnitName Value="Brushedt"/>
        <WindowIndex Value="0"/>
        <TopLine Value="31"/>
        <CursorPos X="67" Y="53"/>
        <UsageCount Value="41"/>
        <DefaultSyntaxHighlighter Value="Delphi"/>
      </Unit1>
      <Unit2>
        <Filename Value="CommonTypes.pas"/>
        <IsPartOfProject Value="True"/>
        <UnitName Value="CommonTypes"/>
        <WindowIndex Value="0"/>
        <TopLine Value="1"/>
        <CursorPos X="11" Y="11"/>
        <UsageCount Value="41"/>
        <DefaultSyntaxHighlighter Value="Delphi"/>
      </Unit2>
      <Unit3>
        <Filename Value="DecryptU.pas"/>
        <IsPartOfProject Value="True"/>
        <ComponentName Value="frmDecrypt"/>
        <HasResources Value="True"/>
        <ResourceBaseClass Value="Form"/>
        <UnitName Value="DecryptU"/>
        <EditorIndex Value="23"/>
        <WindowIndex Value="0"/>
        <TopLine Value="1"/>
        <CursorPos X="1" Y="5"/>
        <UsageCount Value="41"/>
        <Loaded Value="True"/>
        <DefaultSyntaxHighlighter Value="Delphi"/>
      </Unit3>
      <Unit4>
        <Filename Value="dynamic_bass.pas"/>
        <UnitName Value="Dynamic_Bass"/>
        <EditorIndex Value="13"/>
        <WindowIndex Value="0"/>
        <TopLine Value="875"/>
        <CursorPos X="1" Y="898"/>
        <UsageCount Value="14"/>
        <Loaded Value="True"/>
        <DefaultSyntaxHighlighter Value="Delphi"/>
      </Unit4>
      <Unit5>
        <Filename Value="GoWinU.pas"/>
        <ComponentName Value="frmMain"/>
        <HasResources Value="True"/>
        <ResourceBaseClass Value="Form"/>
        <UnitName Value="GoWinU"/>
        <EditorIndex Value="1"/>
        <WindowIndex Value="0"/>
        <TopLine Value="7277"/>
        <CursorPos X="20" Y="7299"/>
        <UsageCount Value="19"/>
        <Loaded Value="True"/>
        <LoadedDesigner Value="True"/>
        <DefaultSyntaxHighlighter Value="Delphi"/>
      </Unit5>
      <Unit6>
        <Filename Value="GoWinU.lfm"/>
        <TopLine Value="391"/>
        <CursorPos X="34" Y="411"/>
        <UsageCount Value="10"/>
        <DefaultSyntaxHighlighter Value="LFM"/>
      </Unit6>
      <Unit7>
        <Filename Value="../zipfile/tzipfile.xpm"/>
        <TopLine Value="1"/>
        <CursorPos X="1" Y="1"/>
        <UsageCount Value="10"/>
        <DefaultSyntaxHighlighter Value="None"/>
      </Unit7>
      <Unit8>
        <Filename Value="../../../../usr/lib/lazarus/0.9.28.2/components/codetools/linkscanner.pas"/>
        <UnitName Value="LinkScanner"/>
        <TopLine Value="457"/>
        <CursorPos X="1" Y="1"/>
        <UsageCount Value="10"/>
        <DefaultSyntaxHighlighter Value="Delphi"/>
      </Unit8>
      <Unit9>
        <Filename Value="../../../../usr/lib/lazarus/0.9.28.2/examples/address_book/frmmain.pas"/>
        <ComponentName Value="MainForm"/>
        <HasResources Value="True"/>
        <ResourceBaseClass Value="Form"/>
        <UnitName Value="frmmain"/>
        <TopLine Value="147"/>
        <CursorPos X="97" Y="173"/>
        <UsageCount Value="10"/>
        <DefaultSyntaxHighlighter Value="Delphi"/>
      </Unit9>
      <Unit10>
        <Filename Value="../zengl/headers/zglHeader.pas"/>
        <UnitName Value="zglHeader"/>
        <WindowIndex Value="0"/>
        <TopLine Value="1221"/>
        <CursorPos X="1" Y="1251"/>
        <UsageCount Value="15"/>
        <DefaultSyntaxHighlighter Value="Delphi"/>
      </Unit10>
      <Unit11>
        <Filename Value="../../../../usr/lib/lazarus/0.9.28.2/packager/packagedefs.pas"/>
        <UnitName Value="PackageDefs"/>
        <TopLine Value="2843"/>
        <CursorPos X="19" Y="2863"/>
        <UsageCount Value="10"/>
        <DefaultSyntaxHighlighter Value="Delphi"/>
      </Unit11>
      <Unit12>
        <Filename Value="osc_vis.pas"/>
        <UnitName Value="osc_vis"/>
        <WindowIndex Value="0"/>
        <TopLine Value="1"/>
        <CursorPos X="24" Y="13"/>
        <UsageCount Value="12"/>
        <DefaultSyntaxHighlighter Value="Delphi"/>
      </Unit12>
      <Unit13>
        <Filename Value="spectrum_vis.pas"/>
        <UnitName Value="spectrum_vis"/>
        <WindowIndex Value="0"/>
        <TopLine Value="1"/>
        <CursorPos X="25" Y="12"/>
        <UsageCount Value="12"/>
        <DefaultSyntaxHighlighter Value="Delphi"/>
      </Unit13>
      <Unit14>
        <Filename Value="SkinButton.pas"/>
        <UnitName Value="SkinButton"/>
        <TopLine Value="1"/>
        <CursorPos X="24" Y="12"/>
        <UsageCount Value="11"/>
        <DefaultSyntaxHighlighter Value="Delphi"/>
      </Unit14>
      <Unit15>
        <Filename Value="../ManFrames/composants/u_buttons_manage.pas"/>
        <UnitName Value="u_buttons_manage"/>
        <WindowIndex Value="0"/>
        <TopLine Value="125"/>
        <CursorPos X="24" Y="155"/>
        <UsageCount Value="11"/>
        <DefaultSyntaxHighlighter Value="Delphi"/>
      </Unit15>
      <Unit16>
        <Filename Value="../ManFrames/forms/u_previewform.pas"/>
        <ComponentName Value="F_Preview"/>
        <HasResources Value="True"/>
        <ResourceBaseClass Value="Form"/>
        <UnitName Value="u_previewform"/>
        <WindowIndex Value="0"/>
        <TopLine Value="6"/>
        <CursorPos X="22" Y="20"/>
        <UsageCount Value="11"/>
        <DefaultSyntaxHighlighter Value="Delphi"/>
      </Unit16>
      <Unit17>
        <Filename Value="../../Lazarus/composants/lazrichview/richview.pas"/>
        <UnitName Value="RichView"/>
        <WindowIndex Value="0"/>
        <TopLine Value="53"/>
        <CursorPos X="3" Y="73"/>
        <UsageCount Value="12"/>
        <DefaultSyntaxHighlighter Value="Delphi"/>
      </Unit17>
      <Unit18>
        <Filename Value="../../Lazarus/composants/lazrichview/RV_Save.inc"/>
        <WindowIndex Value="0"/>
        <TopLine Value="1"/>
        <CursorPos X="1" Y="1"/>
        <UsageCount Value="11"/>
        <DefaultSyntaxHighlighter Value="Delphi"/>
      </Unit18>
      <Unit19>
        <Filename Value="../../../../usr/share/fpcsrc/2.4.0/rtl/inc/systemh.inc"/>
        <WindowIndex Value="0"/>
        <TopLine Value="829"/>
        <CursorPos X="11" Y="850"/>
        <UsageCount Value="11"/>
        <DefaultSyntaxHighlighter Value="Delphi"/>
      </Unit19>
      <Unit20>
        <Filename Value="../../Lazarus/composants/richmemo/richmemo.pas"/>
        <UnitName Value="RichMemo"/>
        <WindowIndex Value="0"/>
        <TopLine Value="245"/>
        <CursorPos X="59" Y="269"/>
        <UsageCount Value="11"/>
        <DefaultSyntaxHighlighter Value="Delphi"/>
      </Unit20>
      <Unit21>
        <Filename Value="../../Lazarus/composants/richmemo/wsrichmemo.pas"/>
        <UnitName Value="WSRichMemo"/>
        <WindowIndex Value="0"/>
        <TopLine Value="62"/>
        <CursorPos X="122" Y="91"/>
        <UsageCount Value="11"/>
        <DefaultSyntaxHighlighter Value="Delphi"/>
      </Unit21>
      <Unit22>
        <Filename Value="C:/lazarus/components/codetools/definetemplates.pas"/>
        <UnitName Value="DefineTemplates"/>
        <WindowIndex Value="0"/>
        <TopLine Value="1046"/>
        <CursorPos X="29" Y="1056"/>
        <UsageCount Value="10"/>
        <DefaultSyntaxHighlighter Value="Delphi"/>
      </Unit22>
      <Unit23>
        <Filename Value="InstallU.pas"/>
        <ComponentName Value="frmInstall"/>
        <HasResources Value="True"/>
        <ResourceBaseClass Value="Form"/>
        <UnitName Value="InstallU"/>
        <EditorIndex Value="7"/>
        <WindowIndex Value="0"/>
        <TopLine Value="999"/>
        <CursorPos X="8" Y="1023"/>
        <UsageCount Value="13"/>
        <Loaded Value="True"/>
        <DefaultSyntaxHighlighter Value="Delphi"/>
      </Unit23>
      <Unit24>
        <Filename Value="UnitUnpack.pas"/>
        <ComponentName Value="frmUnpack"/>
        <HasResources Value="True"/>
        <ResourceBaseClass Value="Form"/>
        <UnitName Value="UnitUnpack"/>
        <EditorIndex Value="24"/>
        <WindowIndex Value="0"/>
        <TopLine Value="57"/>
        <CursorPos X="8" Y="81"/>
        <UsageCount Value="15"/>
        <Loaded Value="True"/>
        <DefaultSyntaxHighlighter Value="Delphi"/>
      </Unit24>
      <Unit25>
        <Filename Value="UnitUnpack.lfm"/>
        <WindowIndex Value="0"/>
        <TopLine Value="110"/>
        <CursorPos X="30" Y="142"/>
        <UsageCount Value="11"/>
        <DefaultSyntaxHighlighter Value="LFM"/>
      </Unit25>
      <Unit26>
        <Filename Value="../VirtualShellTools/Source/VirtualExplorerTree.pas"/>
        <UnitName Value="VirtualExplorerTree"/>
        <WindowIndex Value="0"/>
        <TopLine Value="125"/>
        <CursorPos X="1" Y="148"/>
        <UsageCount Value="11"/>
        <DefaultSyntaxHighlighter Value="Delphi"/>
      </Unit26>
      <Unit27>
        <Filename Value="../VirtualShellTools/Source/VirtualScrollbars.pas"/>
        <UnitName Value="VirtualScrollbars"/>
        <WindowIndex Value="0"/>
        <TopLine Value="17"/>
        <CursorPos X="1" Y="47"/>
        <UsageCount Value="11"/>
        <DefaultSyntaxHighlighter Value="Delphi"/>
      </Unit27>
      <Unit28>
        <Filename Value="/usr/lib/lazarus/default/lcl/ldocktree.pas"/>
        <UnitName Value="LDockTree"/>
        <WindowIndex Value="0"/>
        <TopLine Value="338"/>
        <CursorPos X="3" Y="358"/>
        <UsageCount Value="11"/>
        <DefaultSyntaxHighlighter Value="Delphi"/>
      </Unit28>
      <Unit29>
        <Filename Value="/usr/lib/lazarus/default/lcl/grids.pas"/>
        <UnitName Value="Grids"/>
        <WindowIndex Value="0"/>
        <TopLine Value="21"/>
        <CursorPos X="42" Y="42"/>
        <UsageCount Value="11"/>
        <DefaultSyntaxHighlighter Value="Delphi"/>
      </Unit29>
      <Unit30>
        <Filename Value="/usr/lib/lazarus/default/lcl/graphutil.pp"/>
        <UnitName Value="GraphUtil"/>
        <WindowIndex Value="0"/>
        <TopLine Value="61"/>
        <CursorPos X="1" Y="1"/>
        <UsageCount Value="11"/>
        <DefaultSyntaxHighlighter Value="Delphi"/>
      </Unit30>
      <Unit31>
        <Filename Value="/usr/lib/lazarus/0.9.30/lcl/include/winapih.inc"/>
        <WindowIndex Value="0"/>
        <TopLine Value="138"/>
        <CursorPos X="81" Y="156"/>
        <UsageCount Value="11"/>
      </Unit31>
      <Unit32>
        <Filename Value="/usr/lib/lazarus/0.9.30/lcl/include/winapi.inc"/>
        <WindowIndex Value="0"/>
        <TopLine Value="1271"/>
        <CursorPos X="3" Y="1282"/>
        <UsageCount Value="11"/>
      </Unit32>
      <Unit33>
        <Filename Value="/usr/lib/lazarus/default/examples/pen_brush/unit1.pas"/>
        <UnitName Value="Unit1"/>
        <WindowIndex Value="0"/>
        <TopLine Value="1"/>
        <CursorPos X="42" Y="9"/>
        <UsageCount Value="11"/>
        <DefaultSyntaxHighlighter Value="Delphi"/>
      </Unit33>
      <Unit34>
        <Filename Value="../VirtualShellTools/Source/VirtualShellNotifier.pas"/>
        <UnitName Value="VirtualShellNotifier"/>
        <WindowIndex Value="0"/>
        <TopLine Value="25"/>
        <CursorPos X="19" Y="44"/>
        <UsageCount Value="10"/>
        <DefaultSyntaxHighlighter Value="Delphi"/>
      </Unit34>
      <Unit35>
        <Filename Value="../Common Library/Source/MPCommonObjects.pas"/>
        <UnitName Value="MPCommonObjects"/>
        <WindowIndex Value="0"/>
        <TopLine Value="25"/>
        <CursorPos X="1" Y="40"/>
        <UsageCount Value="10"/>
        <DefaultSyntaxHighlighter Value="Delphi"/>
      </Unit35>
      <Unit36>
        <Filename Value="../Common Library/Source/MPShellTypes.pas"/>
        <UnitName Value="MPShellTypes"/>
        <WindowIndex Value="0"/>
        <TopLine Value="127"/>
        <CursorPos X="4" Y="145"/>
        <UsageCount Value="10"/>
        <DefaultSyntaxHighlighter Value="Delphi"/>
      </Unit36>
      <Unit37>
        <Filename Value="/usr/lib/lazarus/default/lcl/interfaces/win32/win32uxtheme.pas"/>
        <UnitName Value="Win32UxTheme"/>
        <WindowIndex Value="0"/>
        <TopLine Value="49"/>
        <CursorPos X="53" Y="188"/>
        <UsageCount Value="10"/>
        <DefaultSyntaxHighlighter Value="Delphi"/>
      </Unit37>
      <Unit38>
        <Filename Value="transedt.pas"/>
        <UnitName Value="Transedt"/>
        <WindowIndex Value="0"/>
        <TopLine Value="132"/>
        <CursorPos X="2" Y="40"/>
        <UsageCount Value="11"/>
        <DefaultSyntaxHighlighter Value="Delphi"/>
      </Unit38>
      <Unit39>
        <Filename Value="/usr/lib/lazarus/0.9.30/lcl/chart.pp"/>
        <UnitName Value="Chart"/>
        <EditorIndex Value="22"/>
        <WindowIndex Value="0"/>
        <TopLine Value="1"/>
        <CursorPos X="28" Y="35"/>
        <UsageCount Value="15"/>
        <Loaded Value="True"/>
      </Unit39>
      <Unit40>
        <Filename Value="/usr/lib/lazarus/0.9.30/examples/gridexamples/grid_semaphor/semaphorgrids.pas"/>
        <UnitName Value="SemaphorGrids"/>
        <WindowIndex Value="0"/>
        <TopLine Value="41"/>
        <CursorPos X="1" Y="63"/>
        <UsageCount Value="10"/>
      </Unit40>
      <Unit41>
        <Filename Value="/usr/lib/lazarus/0.9.30/lcl/lmessages.pp"/>
        <UnitName Value="LMessages"/>
        <WindowIndex Value="0"/>
        <TopLine Value="1"/>
        <CursorPos X="48" Y="3"/>
        <UsageCount Value="10"/>
      </Unit41>
      <Unit42>
        <Filename Value="InstallU.lfm"/>
        <WindowIndex Value="0"/>
        <TopLine Value="175"/>
        <CursorPos X="30" Y="188"/>
        <UsageCount Value="10"/>
        <DefaultSyntaxHighlighter Value="LFM"/>
      </Unit42>
      <Unit43>
        <Filename Value="InstallU.dfm"/>
        <WindowIndex Value="0"/>
        <TopLine Value="189"/>
        <CursorPos X="30" Y="196"/>
        <UsageCount Value="10"/>
        <DefaultSyntaxHighlighter Value="LFM"/>
      </Unit43>
      <Unit44>
        <Filename Value="MsgboxU.pas"/>
        <UnitName Value="MsgboxU"/>
        <EditorIndex Value="36"/>
        <WindowIndex Value="0"/>
        <TopLine Value="75"/>
        <CursorPos X="8" Y="99"/>
        <UsageCount Value="15"/>
        <Loaded Value="True"/>
        <DefaultSyntaxHighlighter Value="Delphi"/>
      </Unit44>
      <Unit45>
        <Filename Value="MsgboxU.lfm"/>
        <WindowIndex Value="0"/>
        <TopLine Value="46"/>
        <CursorPos X="35" Y="78"/>
        <UsageCount Value="10"/>
        <DefaultSyntaxHighlighter Value="LFM"/>
      </Unit45>
      <Unit46>
        <Filename Value="DecryptU.dfm"/>
        <WindowIndex Value="0"/>
        <TopLine Value="1"/>
        <CursorPos X="1" Y="1"/>
        <UsageCount Value="10"/>
        <DefaultSyntaxHighlighter Value="LFM"/>
      </Unit46>
      <Unit47>
        <Filename Value="MsgboxU.dfm"/>
        <WindowIndex Value="0"/>
        <TopLine Value="46"/>
        <CursorPos X="35" Y="78"/>
        <UsageCount Value="10"/>
        <DefaultSyntaxHighlighter Value="LFM"/>
      </Unit47>
      <Unit48>
        <Filename Value="/usr/lib/lazarus/0.9.30/components/aggpas/src/agg_span_image_filter_rgb.pas"/>
        <UnitName Value="agg_span_image_filter_rgb"/>
        <EditorIndex Value="34"/>
        <WindowIndex Value="0"/>
        <TopLine Value="88"/>
        <CursorPos X="20" Y="108"/>
        <UsageCount Value="15"/>
        <Loaded Value="True"/>
      </Unit48>
      <Unit49>
        <Filename Value="/usr/lib/lazarus/0.9.30/lcl/interfaces/gtk2/gtk2proc.inc"/>
        <EditorIndex Value="35"/>
        <WindowIndex Value="0"/>
        <TopLine Value="1710"/>
        <CursorPos X="9" Y="1730"/>
        <UsageCount Value="15"/>
        <Loaded Value="True"/>
      </Unit49>
      <Unit50>
        <Filename Value="/usr/lib/lazarus/0.9.30/lcl/graphics.pp"/>
        <UnitName Value="Graphics"/>
        <EditorIndex Value="32"/>
        <WindowIndex Value="0"/>
        <TopLine Value="1120"/>
        <CursorPos X="35" Y="1149"/>
        <UsageCount Value="15"/>
        <Loaded Value="True"/>
      </Unit50>
      <Unit51>
        <Filename Value="/usr/lib/lazarus/0.9.30/lcl/shellctrls.pas"/>
        <UnitName Value="ShellCtrls"/>
        <EditorIndex Value="30"/>
        <WindowIndex Value="0"/>
        <TopLine Value="375"/>
        <CursorPos X="3" Y="408"/>
        <UsageCount Value="15"/>
        <Loaded Value="True"/>
      </Unit51>
      <Unit52>
        <Filename Value="/usr/lib/lazarus/0.9.30/ide/ideprocs.pp"/>
        <UnitName Value="IDEProcs"/>
        <EditorIndex Value="29"/>
        <WindowIndex Value="0"/>
        <TopLine Value="232"/>
        <CursorPos X="53" Y="259"/>
        <UsageCount Value="14"/>
        <Loaded Value="True"/>
      </Unit52>
      <Unit53>
        <Filename Value="/usr/share/fpcsrc/2.4.2/rtl/unix/sysutils.pp"/>
        <UnitName Value="sysutils"/>
        <EditorIndex Value="28"/>
        <WindowIndex Value="0"/>
        <TopLine Value="861"/>
        <CursorPos X="67" Y="893"/>
        <UsageCount Value="14"/>
        <Loaded Value="True"/>
      </Unit53>
      <Unit54>
        <Filename Value="SplashU.pas"/>
        <ComponentName Value="frmSplashScreen"/>
        <HasResources Value="True"/>
        <ResourceBaseClass Value="Form"/>
        <UnitName Value="SplashU"/>
        <EditorIndex Value="25"/>
        <WindowIndex Value="0"/>
        <TopLine Value="1"/>
        <CursorPos X="57" Y="13"/>
        <UsageCount Value="14"/>
        <Loaded Value="True"/>
        <DefaultSyntaxHighlighter Value="Delphi"/>
      </Unit54>
      <Unit55>
        <Filename Value="EnterPasswordU.pas"/>
        <UnitName Value="EnterPasswordU"/>
        <EditorIndex Value="27"/>
        <WindowIndex Value="0"/>
        <TopLine Value="1"/>
        <CursorPos X="12" Y="7"/>
        <UsageCount Value="14"/>
        <Loaded Value="True"/>
        <DefaultSyntaxHighlighter Value="Delphi"/>
      </Unit55>
      <Unit56>
        <Filename Value="NfoU.pas"/>
        <ComponentName Value="frmNFO"/>
        <HasResources Value="True"/>
        <ResourceBaseClass Value="Form"/>
        <UnitName Value="NfoU"/>
        <EditorIndex Value="26"/>
        <WindowIndex Value="0"/>
        <TopLine Value="26"/>
        <CursorPos X="3" Y="26"/>
        <UsageCount Value="14"/>
        <Loaded Value="True"/>
        <DefaultSyntaxHighlighter Value="Delphi"/>
      </Unit56>
      <Unit57>
        <Filename Value="NfoU.lfm"/>
        <WindowIndex Value="0"/>
        <TopLine Value="31"/>
        <CursorPos X="24" Y="63"/>
        <UsageCount Value="10"/>
        <DefaultSyntaxHighlighter Value="LFM"/>
      </Unit57>
      <Unit58>
        <Filename Value="NfoU.dfm"/>
        <WindowIndex Value="0"/>
        <TopLine Value="31"/>
        <CursorPos X="24" Y="63"/>
        <UsageCount Value="10"/>
        <DefaultSyntaxHighlighter Value="LFM"/>
      </Unit58>
      <Unit59>
        <Filename Value="SearchU.pas"/>
        <HasResources Value="True"/>
        <UnitName Value="SearchU"/>
        <EditorIndex Value="19"/>
        <WindowIndex Value="0"/>
        <TopLine Value="224"/>
        <CursorPos X="8" Y="249"/>
        <UsageCount Value="14"/>
        <Loaded Value="True"/>
        <DefaultSyntaxHighlighter Value="Delphi"/>
      </Unit59>
      <Unit60>
        <Filename Value="SearchU.dfm"/>
        <WindowIndex Value="0"/>
        <TopLine Value="69"/>
        <CursorPos X="40" Y="101"/>
        <UsageCount Value="10"/>
        <DefaultSyntaxHighlighter Value="LFM"/>
      </Unit60>
      <Unit61>
        <Filename Value="SearchU.lfm"/>
        <WindowIndex Value="0"/>
        <TopLine Value="69"/>
        <CursorPos X="40" Y="101"/>
        <UsageCount Value="11"/>
        <DefaultSyntaxHighlighter Value="LFM"/>
      </Unit61>
      <Unit62>
        <Filename Value="laztransctrls.pas"/>
        <UnitName Value="laztransctrls"/>
        <WindowIndex Value="0"/>
        <TopLine Value="1"/>
        <CursorPos X="9" Y="10"/>
        <UsageCount Value="10"/>
        <DefaultSyntaxHighlighter Value="Delphi"/>
      </Unit62>
      <Unit63>
        <Filename Value="/usr/lib/lazarus/0.9.30/ide/lazarus.pp"/>
        <UnitName Value="Lazarus"/>
        <EditorIndex Value="21"/>
        <WindowIndex Value="0"/>
        <TopLine Value="96"/>
        <CursorPos X="1" Y="130"/>
        <UsageCount Value="14"/>
        <Loaded Value="True"/>
      </Unit63>
      <Unit64>
        <Filename Value="../../Lazarus/composants/jvXP/JvXPBarLaz.lpk"/>
        <WindowIndex Value="0"/>
        <TopLine Value="61"/>
        <CursorPos X="1" Y="89"/>
        <UsageCount Value="10"/>
        <DefaultSyntaxHighlighter Value="XML"/>
      </Unit64>
      <Unit65>
        <Filename Value="ScreenshotU.pas"/>
        <UnitName Value="ScreenshotU"/>
        <EditorIndex Value="20"/>
        <WindowIndex Value="0"/>
        <TopLine Value="1"/>
        <CursorPos X="3" Y="11"/>
        <UsageCount Value="14"/>
        <Loaded Value="True"/>
        <DefaultSyntaxHighlighter Value="Delphi"/>
      </Unit65>
      <Unit66>
        <Filename Value="/usr/share/fpcsrc/2.4.2/rtl/inc/objpash.inc"/>
        <WindowIndex Value="0"/>
        <TopLine Value="1"/>
        <CursorPos X="1" Y="1"/>
        <UsageCount Value="11"/>
      </Unit66>
      <Unit67>
        <Filename Value="/usr/share/fpcsrc/2.4.2/rtl/inc/systemh.inc"/>
        <WindowIndex Value="0"/>
        <TopLine Value="848"/>
        <CursorPos X="11" Y="871"/>
        <UsageCount Value="11"/>
      </Unit67>
      <Unit68>
        <Filename Value="/usr/lib/lazarus/0.9.30/lcl/lcltype.pp"/>
        <UnitName Value="LCLType"/>
        <EditorIndex Value="33"/>
        <WindowIndex Value="0"/>
        <TopLine Value="1243"/>
        <CursorPos X="38" Y="1272"/>
        <UsageCount Value="14"/>
        <Loaded Value="True"/>
      </Unit68>
      <Unit69>
        <Filename Value="/usr/lib/lazarus/0.9.30/components/customdrawn/customdrawnutils.pas"/>
        <UnitName Value="customdrawnutils"/>
        <WindowIndex Value="0"/>
        <TopLine Value="210"/>
        <CursorPos X="46" Y="228"/>
        <UsageCount Value="10"/>
      </Unit69>
      <Unit70>
        <Filename Value="/usr/lib/lazarus/0.9.30/lcl/intfgraphics.pas"/>
        <UnitName Value="IntfGraphics"/>
        <WindowIndex Value="0"/>
        <TopLine Value="96"/>
        <CursorPos X="15" Y="257"/>
        <UsageCount Value="10"/>
      </Unit70>
      <Unit71>
        <Filename Value="/usr/lib/lazarus/0.9.30/components/lazreport/source/lr_const.pas"/>
        <UnitName Value="LR_Const"/>
        <WindowIndex Value="0"/>
        <TopLine Value="457"/>
        <CursorPos X="21" Y="475"/>
        <UsageCount Value="10"/>
      </Unit71>
      <Unit72>
        <Filename Value="/usr/share/fpcsrc/2.4.2/rtl/objpas/types.pp"/>
        <UnitName Value="types"/>
        <WindowIndex Value="0"/>
        <TopLine Value="82"/>
        <CursorPos X="3" Y="100"/>
        <UsageCount Value="10"/>
      </Unit72>
      <Unit73>
        <Filename Value="/usr/lib/lazarus/0.9.30/ide/lazarusmanager.pas"/>
        <UnitName Value="LazarusManager"/>
        <EditorIndex Value="18"/>
        <WindowIndex Value="0"/>
        <TopLine Value="162"/>
        <CursorPos X="23" Y="191"/>
        <UsageCount Value="13"/>
        <Loaded Value="True"/>
      </Unit73>
      <Unit74>
        <Filename Value="/usr/lib/lazarus/0.9.30/components/filebrowser/frmfilebrowser.pas"/>
        <UnitName Value="frmFileBrowser"/>
        <EditorIndex Value="17"/>
        <WindowIndex Value="0"/>
        <TopLine Value="376"/>
        <CursorPos X="1" Y="380"/>
        <UsageCount Value="13"/>
        <Loaded Value="True"/>
      </Unit74>
      <Unit75>
        <Filename Value="../../fdtreeview/FDTreeView.pas"/>
        <UnitName Value="FDTreeView"/>
        <EditorIndex Value="16"/>
        <WindowIndex Value="0"/>
        <TopLine Value="1"/>
        <CursorPos X="1" Y="1"/>
        <UsageCount Value="13"/>
        <Loaded Value="True"/>
      </Unit75>
      <Unit76>
        <Filename Value="/usr/lib/lazarus/0.9.30/components/lazreport/source/lr_utils.pas"/>
        <UnitName Value="LR_Utils"/>
        <EditorIndex Value="15"/>
        <WindowIndex Value="0"/>
        <TopLine Value="470"/>
        <CursorPos X="13" Y="472"/>
        <UsageCount Value="11"/>
        <Loaded Value="True"/>
      </Unit76>
      <Unit77>
        <Filename Value="MediaInterface.pas"/>
        <UnitName Value="MediaInterface"/>
        <EditorIndex Value="8"/>
        <WindowIndex Value="0"/>
        <TopLine Value="87"/>
        <CursorPos X="15" Y="7"/>
        <UsageCount Value="11"/>
        <Loaded Value="True"/>
        <DefaultSyntaxHighlighter Value="Delphi"/>
      </Unit77>
      <Unit78>
        <Filename Value="/usr/lib/lazarus/0.9.30/lcl/filectrl.pp"/>
        <UnitName Value="FileCtrl"/>
        <EditorIndex Value="6"/>
        <WindowIndex Value="0"/>
        <TopLine Value="196"/>
        <CursorPos X="1" Y="1"/>
        <UsageCount Value="11"/>
        <Loaded Value="True"/>
      </Unit78>
      <Unit79>
        <Filename Value="/usr/lib/lazarus/0.9.30/lcl/include/fileutil.inc"/>
        <EditorIndex Value="4"/>
        <WindowIndex Value="0"/>
        <TopLine Value="1519"/>
        <CursorPos X="1" Y="1541"/>
        <UsageCount Value="11"/>
        <Loaded Value="True"/>
      </Unit79>
      <Unit80>
        <Filename Value="/usr/lib/lazarus/0.9.30/components/codetools/fileprocs.pas"/>
        <UnitName Value="FileProcs"/>
        <EditorIndex Value="5"/>
        <WindowIndex Value="0"/>
        <TopLine Value="131"/>
        <CursorPos X="27" Y="702"/>
        <UsageCount Value="11"/>
        <Loaded Value="True"/>
      </Unit80>
      <Unit81>
        <Filename Value="/usr/lib/lazarus/0.9.30/components/leakview/leakinfo.pas"/>
        <UnitName Value="leakinfo"/>
        <EditorIndex Value="3"/>
        <WindowIndex Value="0"/>
        <TopLine Value="77"/>
        <CursorPos X="1" Y="77"/>
        <UsageCount Value="11"/>
        <Loaded Value="True"/>
      </Unit81>
      <Unit82>
        <Filename Value="../../../Lazarus/composants/lazrichview/richview.pas"/>
        <UnitName Value="RichView"/>
        <EditorIndex Value="2"/>
        <WindowIndex Value="0"/>
        <TopLine Value="51"/>
        <CursorPos X="3" Y="73"/>
        <UsageCount Value="11"/>
        <Loaded Value="True"/>
      </Unit82>
      <Unit83>
        <Filename Value="/usr/lib/lazarus/0.9.30/lcl/fileutil.pas"/>
        <UnitName Value="FileUtil"/>
        <EditorIndex Value="31"/>
        <WindowIndex Value="0"/>
        <TopLine Value="1"/>
        <CursorPos X="9" Y="34"/>
        <UsageCount Value="11"/>
        <Loaded Value="True"/>
      </Unit83>
      <Unit84>
        <Filename Value="../../PasLibVlc/source/PasLibVlcUnit.pas"/>
        <UnitName Value="PasLibVlcUnit"/>
        <IsVisibleTab Value="True"/>
        <EditorIndex Value="9"/>
        <WindowIndex Value="0"/>
        <TopLine Value="4218"/>
        <CursorPos X="8" Y="4240"/>
        <UsageCount Value="10"/>
        <Loaded Value="True"/>
        <DefaultSyntaxHighlighter Value="Delphi"/>
      </Unit84>
      <Unit85>
        <Filename Value="libraries.pas"/>
        <IsPartOfProject Value="True"/>
        <UnitName Value="libraries"/>
        <EditorIndex Value="14"/>
        <WindowIndex Value="0"/>
        <TopLine Value="1"/>
        <CursorPos X="1" Y="10"/>
        <UsageCount Value="22"/>
        <Loaded Value="True"/>
        <DefaultSyntaxHighlighter Value="Delphi"/>
      </Unit85>
      <Unit86>
        <Filename Value="../../PasLibVlc/source/PasLibVlcPlayerUnit.pas"/>
        <UnitName Value="PasLibVlcPlayerUnit"/>
        <EditorIndex Value="10"/>
        <WindowIndex Value="0"/>
        <TopLine Value="1006"/>
        <CursorPos X="1" Y="1028"/>
        <UsageCount Value="10"/>
        <Loaded Value="True"/>
        <DefaultSyntaxHighlighter Value="Delphi"/>
      </Unit86>
      <Unit87>
        <Filename Value="../../PasLibVlc/source/PasLibVlcClassUnit.pas"/>
        <UnitName Value="PasLibVlcClassUnit"/>
        <EditorIndex Value="11"/>
        <WindowIndex Value="0"/>
        <TopLine Value="180"/>
        <CursorPos X="29" Y="206"/>
        <UsageCount Value="10"/>
        <Loaded Value="True"/>
        <DefaultSyntaxHighlighter Value="Delphi"/>
      </Unit87>
      <Unit88>
        <Filename Value="/usr/lib/lazarus/0.9.30/examples/dockmanager/package/zoneheader.inc"/>
        <EditorIndex Value="12"/>
        <WindowIndex Value="0"/>
        <TopLine Value="341"/>
        <CursorPos X="19" Y="363"/>
        <UsageCount Value="10"/>
        <Loaded Value="True"/>
      </Unit88>
    </Units>
    <JumpHistory Count="30" HistoryIndex="29">
      <Position1>
        <Filename Value="../../PasLibVlc/source/PasLibVlcUnit.pas"/>
        <Caret Line="4172" Column="1" TopLine="4138"/>
      </Position1>
      <Position2>
        <Filename Value="../../PasLibVlc/source/PasLibVlcUnit.pas"/>
        <Caret Line="4175" Column="1" TopLine="4138"/>
      </Position2>
      <Position3>
        <Filename Value="../../PasLibVlc/source/PasLibVlcUnit.pas"/>
        <Caret Line="4178" Column="1" TopLine="4167"/>
      </Position3>
      <Position4>
        <Filename Value="../../PasLibVlc/source/PasLibVlcUnit.pas"/>
        <Caret Line="4181" Column="1" TopLine="4167"/>
      </Position4>
      <Position5>
        <Filename Value="../../PasLibVlc/source/PasLibVlcUnit.pas"/>
        <Caret Line="4184" Column="1" TopLine="4167"/>
      </Position5>
      <Position6>
        <Filename Value="../../PasLibVlc/source/PasLibVlcUnit.pas"/>
        <Caret Line="4187" Column="1" TopLine="4167"/>
      </Position6>
      <Position7>
        <Filename Value="../../PasLibVlc/source/PasLibVlcUnit.pas"/>
        <Caret Line="4190" Column="1" TopLine="4167"/>
      </Position7>
      <Position8>
        <Filename Value="../../PasLibVlc/source/PasLibVlcUnit.pas"/>
        <Caret Line="4193" Column="1" TopLine="4167"/>
      </Position8>
      <Position9>
        <Filename Value="../../PasLibVlc/source/PasLibVlcUnit.pas"/>
        <Caret Line="4196" Column="1" TopLine="4167"/>
      </Position9>
      <Position10>
        <Filename Value="../../PasLibVlc/source/PasLibVlcUnit.pas"/>
        <Caret Line="4199" Column="1" TopLine="4167"/>
      </Position10>
      <Position11>
        <Filename Value="../../PasLibVlc/source/PasLibVlcUnit.pas"/>
        <Caret Line="4202" Column="1" TopLine="4167"/>
      </Position11>
      <Position12>
        <Filename Value="../../PasLibVlc/source/PasLibVlcUnit.pas"/>
        <Caret Line="4205" Column="1" TopLine="4168"/>
      </Position12>
      <Position13>
        <Filename Value="../../PasLibVlc/source/PasLibVlcUnit.pas"/>
        <Caret Line="4208" Column="1" TopLine="4171"/>
      </Position13>
      <Position14>
        <Filename Value="../../PasLibVlc/source/PasLibVlcUnit.pas"/>
        <Caret Line="4211" Column="1" TopLine="4174"/>
      </Position14>
      <Position15>
        <Filename Value="../../PasLibVlc/source/PasLibVlcUnit.pas"/>
        <Caret Line="4214" Column="1" TopLine="4177"/>
      </Position15>
      <Position16>
        <Filename Value="../../PasLibVlc/source/PasLibVlcUnit.pas"/>
        <Caret Line="4217" Column="1" TopLine="4180"/>
      </Position16>
      <Position17>
        <Filename Value="../../PasLibVlc/source/PasLibVlcUnit.pas"/>
        <Caret Line="4220" Column="1" TopLine="4183"/>
      </Position17>
      <Position18>
        <Filename Value="../../PasLibVlc/source/PasLibVlcUnit.pas"/>
        <Caret Line="4223" Column="1" TopLine="4186"/>
      </Position18>
      <Position19>
        <Filename Value="../../PasLibVlc/source/PasLibVlcUnit.pas"/>
        <Caret Line="4226" Column="1" TopLine="4189"/>
      </Position19>
      <Position20>
        <Filename Value="../../PasLibVlc/source/PasLibVlcUnit.pas"/>
        <Caret Line="4229" Column="1" TopLine="4192"/>
      </Position20>
      <Position21>
        <Filename Value="../../PasLibVlc/source/PasLibVlcUnit.pas"/>
        <Caret Line="4232" Column="1" TopLine="4195"/>
      </Position21>
      <Position22>
        <Filename Value="../../PasLibVlc/source/PasLibVlcUnit.pas"/>
        <Caret Line="4235" Column="1" TopLine="4198"/>
      </Position22>
      <Position23>
        <Filename Value="../../PasLibVlc/source/PasLibVlcUnit.pas"/>
        <Caret Line="4238" Column="1" TopLine="4201"/>
      </Position23>
      <Position24>
        <Filename Value="../../PasLibVlc/source/PasLibVlcUnit.pas"/>
        <Caret Line="4110" Column="1" TopLine="4088"/>
      </Position24>
      <Position25>
        <Filename Value="../../PasLibVlc/source/PasLibVlcUnit.pas"/>
        <Caret Line="4112" Column="1" TopLine="4088"/>
      </Position25>
      <Position26>
        <Filename Value="../../PasLibVlc/source/PasLibVlcUnit.pas"/>
        <Caret Line="4834" Column="11" TopLine="4807"/>
      </Position26>
      <Position27>
        <Filename Value="../../PasLibVlc/source/PasLibVlcUnit.pas"/>
        <Caret Line="1" Column="1" TopLine="1"/>
      </Position27>
      <Position28>
        <Filename Value="../../PasLibVlc/source/PasLibVlcUnit.pas"/>
        <Caret Line="2181" Column="44" TopLine="2170"/>
      </Position28>
      <Position29>
        <Filename Value="../../PasLibVlc/source/PasLibVlcPlayerUnit.pas"/>
        <Caret Line="1028" Column="1" TopLine="1006"/>
      </Position29>
      <Position30>
        <Filename Value="../../PasLibVlc/source/PasLibVlcUnit.pas"/>
        <Caret Line="4121" Column="1" TopLine="4781"/>
      </Position30>
    </JumpHistory>
  </ProjectOptions>
  <CompilerOptions>
    <Version Value="9"/>
    <SearchPaths>
      <IncludeFiles Value="$(ProjOutDir)"/>
    </SearchPaths>
    <Parsing>
      <SyntaxOptions>
        <SyntaxMode Value="Delphi"/>
        <UseAnsiStrings Value="False"/>
      </SyntaxOptions>
    </Parsing>
    <Other>
      <CompilerPath Value="$(CompPath)"/>
    </Other>
  </CompilerOptions>
  <Debugging>
    <BreakPoints Count="3">
      <Item1>
        <Source Value="../../PasLibVlc/source/PasLibVlcUnit.pas"/>
        <Line Value="4121"/>
      </Item1>
      <Item2>
        <Source Value="../../PasLibVlc/source/PasLibVlcUnit.pas"/>
        <Line Value="4110"/>
      </Item2>
      <Item3>
        <Source Value="../../PasLibVlc/source/PasLibVlcUnit.pas"/>
        <Line Value="4792"/>
      </Item3>
    </BreakPoints>
    <Exceptions Count="3">
      <Item1>
        <Name Value="EAbort"/>
      </Item1>
      <Item2>
        <Name Value="ECodetoolError"/>
      </Item2>
      <Item3>
        <Name Value="EFOpenError"/>
      </Item3>
    </Exceptions>
  </Debugging>
</CONFIG>
