<?xml version="1.0"?>
<CONFIG>
  <ProjectOptions>
    <Version Value="9"/>
    <General>
      <MainUnit Value="0"/>
      <UseXPManifest Value="True"/>
      <ActiveWindowIndexAtStart Value="0"/>
    </General>
    <VersionInfo>
      <Language Value=""/>
      <CharSet Value=""/>
      <StringTable ProductVersion=""/>
    </VersionInfo>
    <BuildModes Count="1">
      <Item1 Name="default" Default="True"/>
    </BuildModes>
    <PublishOptions>
      <Version Value="2"/>
      <IgnoreBinaries Value="False"/>
      <IncludeFileFilter Value="*.(pas|pp|inc|lfm|lpr|lrs|lpi|lpk|sh|xml)"/>
      <ExcludeFileFilter Value="*.(bak|ppu|ppw|o|so);*~;backup"/>
    </PublishOptions>
    <RunParams>
      <local>
        <FormatVersion Value="1"/>
        <LaunchingApplication PathPlusParams="/usr/X11R6/bin/xterm -T 'Lazarus Run Output' -e $(LazarusDir)/tools/runwait.sh $(TargetCmdLine)"/>
      </local>
    </RunParams>
    <RequiredPackages Count="4">
      <Item1>
        <PackageName Value="laztransctrls"/>
      </Item1>
      <Item2>
        <PackageName Value="virtualtreeview_package"/>
      </Item2>
      <Item3>
        <PackageName Value="lazrichview"/>
      </Item3>
      <Item4>
        <PackageName Value="LCL"/>
      </Item4>
    </RequiredPackages>
    <Units Count="78">
      <Unit0>
        <Filename Value="Go.lpr"/>
        <UnitName Value="Go"/>
        <EditorIndex Value="0"/>
        <WindowIndex Value="0"/>
        <TopLine Value="1"/>
        <CursorPos X="6" Y="6"/>
        <UsageCount Value="19"/>
        <Loaded Value="True"/>
        <LoadedDesigner Value="True"/>
      </Unit0>
      <Unit1>
        <Filename Value="BRUSHEDT.PAS"/>
        <IsPartOfProject Value="True"/>
        <UnitName Value="Brushedt"/>
        <WindowIndex Value="0"/>
        <TopLine Value="31"/>
        <CursorPos X="67" Y="53"/>
        <UsageCount Value="37"/>
      </Unit1>
      <Unit2>
        <Filename Value="CommonTypes.pas"/>
        <IsPartOfProject Value="True"/>
        <UnitName Value="CommonTypes"/>
        <WindowIndex Value="0"/>
        <TopLine Value="1"/>
        <CursorPos X="11" Y="11"/>
        <UsageCount Value="37"/>
      </Unit2>
      <Unit3>
        <Filename Value="DecryptU.pas"/>
        <IsPartOfProject Value="True"/>
        <ComponentName Value="frmDecrypt"/>
        <HasResources Value="True"/>
        <ResourceBaseClass Value="Form"/>
        <UnitName Value="DecryptU"/>
        <EditorIndex Value="12"/>
        <WindowIndex Value="0"/>
        <TopLine Value="1"/>
        <CursorPos X="1" Y="5"/>
        <UsageCount Value="37"/>
        <Loaded Value="True"/>
        <LoadedDesigner Value="True"/>
      </Unit3>
      <Unit4>
        <Filename Value="dynamic_bass.pas"/>
        <UnitName Value="Dynamic_Bass"/>
        <WindowIndex Value="0"/>
        <TopLine Value="1125"/>
        <CursorPos X="54" Y="1150"/>
        <UsageCount Value="14"/>
      </Unit4>
      <Unit5>
        <Filename Value="GoWinU.pas"/>
        <ComponentName Value="frmMain"/>
        <HasResources Value="True"/>
        <ResourceBaseClass Value="Form"/>
        <UnitName Value="GoWinU"/>
        <EditorIndex Value="1"/>
        <WindowIndex Value="0"/>
        <TopLine Value="5796"/>
        <CursorPos X="17" Y="5818"/>
        <UsageCount Value="18"/>
        <Loaded Value="True"/>
        <LoadedDesigner Value="True"/>
      </Unit5>
      <Unit6>
        <Filename Value="GoWinU.lfm"/>
        <TopLine Value="391"/>
        <CursorPos X="34" Y="411"/>
        <UsageCount Value="10"/>
        <DefaultSyntaxHighlighter Value="LFM"/>
      </Unit6>
      <Unit7>
        <Filename Value="../zipfile/tzipfile.xpm"/>
        <TopLine Value="1"/>
        <CursorPos X="1" Y="1"/>
        <UsageCount Value="10"/>
        <DefaultSyntaxHighlighter Value="None"/>
      </Unit7>
      <Unit8>
        <Filename Value="../../../../usr/lib/lazarus/0.9.28.2/components/codetools/linkscanner.pas"/>
        <UnitName Value="LinkScanner"/>
        <TopLine Value="457"/>
        <CursorPos X="1" Y="1"/>
        <SyntaxHighlighter Value="Delphi"/>
        <UsageCount Value="10"/>
      </Unit8>
      <Unit9>
        <Filename Value="../../../../usr/lib/lazarus/0.9.28.2/examples/address_book/frmmain.pas"/>
        <ComponentName Value="MainForm"/>
        <HasResources Value="True"/>
        <ResourceBaseClass Value="Form"/>
        <UnitName Value="frmmain"/>
        <TopLine Value="147"/>
        <CursorPos X="97" Y="173"/>
        <SyntaxHighlighter Value="Delphi"/>
        <UsageCount Value="10"/>
      </Unit9>
      <Unit10>
        <Filename Value="../zengl/headers/zglHeader.pas"/>
        <UnitName Value="zglHeader"/>
        <WindowIndex Value="0"/>
        <TopLine Value="1221"/>
        <CursorPos X="1" Y="1251"/>
        <SyntaxHighlighter Value="Delphi"/>
        <UsageCount Value="15"/>
      </Unit10>
      <Unit11>
        <Filename Value="../../../../usr/lib/lazarus/0.9.28.2/packager/packagedefs.pas"/>
        <UnitName Value="PackageDefs"/>
        <TopLine Value="2843"/>
        <CursorPos X="19" Y="2863"/>
        <SyntaxHighlighter Value="Delphi"/>
        <UsageCount Value="10"/>
      </Unit11>
      <Unit12>
        <Filename Value="osc_vis.pas"/>
        <UnitName Value="osc_vis"/>
        <WindowIndex Value="0"/>
        <TopLine Value="1"/>
        <CursorPos X="24" Y="13"/>
        <UsageCount Value="12"/>
      </Unit12>
      <Unit13>
        <Filename Value="spectrum_vis.pas"/>
        <UnitName Value="spectrum_vis"/>
        <WindowIndex Value="0"/>
        <TopLine Value="1"/>
        <CursorPos X="25" Y="12"/>
        <UsageCount Value="12"/>
      </Unit13>
      <Unit14>
        <Filename Value="SkinButton.pas"/>
        <UnitName Value="SkinButton"/>
        <TopLine Value="1"/>
        <CursorPos X="24" Y="12"/>
        <UsageCount Value="11"/>
      </Unit14>
      <Unit15>
        <Filename Value="../ManFrames/composants/u_buttons_manage.pas"/>
        <UnitName Value="u_buttons_manage"/>
        <WindowIndex Value="0"/>
        <TopLine Value="125"/>
        <CursorPos X="24" Y="155"/>
        <UsageCount Value="11"/>
        <DefaultSyntaxHighlighter Value="Delphi"/>
      </Unit15>
      <Unit16>
        <Filename Value="../ManFrames/forms/u_previewform.pas"/>
        <ComponentName Value="F_Preview"/>
        <HasResources Value="True"/>
        <ResourceBaseClass Value="Form"/>
        <UnitName Value="u_previewform"/>
        <WindowIndex Value="0"/>
        <TopLine Value="6"/>
        <CursorPos X="22" Y="20"/>
        <UsageCount Value="11"/>
        <DefaultSyntaxHighlighter Value="Delphi"/>
      </Unit16>
      <Unit17>
        <Filename Value="../../Lazarus/composants/lazrichview/richview.pas"/>
        <UnitName Value="RichView"/>
        <WindowIndex Value="0"/>
        <TopLine Value="53"/>
        <CursorPos X="3" Y="73"/>
        <UsageCount Value="12"/>
      </Unit17>
      <Unit18>
        <Filename Value="../../Lazarus/composants/lazrichview/RV_Save.inc"/>
        <WindowIndex Value="0"/>
        <TopLine Value="1"/>
        <CursorPos X="1" Y="1"/>
        <UsageCount Value="11"/>
      </Unit18>
      <Unit19>
        <Filename Value="../../../../usr/share/fpcsrc/2.4.0/rtl/inc/systemh.inc"/>
        <WindowIndex Value="0"/>
        <TopLine Value="829"/>
        <CursorPos X="11" Y="850"/>
        <SyntaxHighlighter Value="Delphi"/>
        <UsageCount Value="11"/>
      </Unit19>
      <Unit20>
        <Filename Value="../../Lazarus/composants/richmemo/richmemo.pas"/>
        <UnitName Value="RichMemo"/>
        <WindowIndex Value="0"/>
        <TopLine Value="245"/>
        <CursorPos X="59" Y="269"/>
        <UsageCount Value="11"/>
      </Unit20>
      <Unit21>
        <Filename Value="../../Lazarus/composants/richmemo/wsrichmemo.pas"/>
        <UnitName Value="WSRichMemo"/>
        <WindowIndex Value="0"/>
        <TopLine Value="62"/>
        <CursorPos X="122" Y="91"/>
        <UsageCount Value="11"/>
      </Unit21>
      <Unit22>
        <Filename Value="C:/lazarus/components/codetools/definetemplates.pas"/>
        <UnitName Value="DefineTemplates"/>
        <WindowIndex Value="0"/>
        <TopLine Value="1046"/>
        <CursorPos X="29" Y="1056"/>
        <UsageCount Value="10"/>
      </Unit22>
      <Unit23>
        <Filename Value="InstallU.pas"/>
        <ComponentName Value="frmInstall"/>
        <HasResources Value="True"/>
        <ResourceBaseClass Value="Form"/>
        <UnitName Value="InstallU"/>
        <EditorIndex Value="2"/>
        <WindowIndex Value="0"/>
        <TopLine Value="34"/>
        <CursorPos X="19" Y="56"/>
        <UsageCount Value="12"/>
        <Loaded Value="True"/>
      </Unit23>
      <Unit24>
        <Filename Value="UnitUnpack.pas"/>
        <ComponentName Value="frmUnpack"/>
        <HasResources Value="True"/>
        <ResourceBaseClass Value="Form"/>
        <UnitName Value="UnitUnpack"/>
        <EditorIndex Value="13"/>
        <WindowIndex Value="0"/>
        <TopLine Value="1"/>
        <CursorPos X="1" Y="13"/>
        <UsageCount Value="14"/>
        <Loaded Value="True"/>
        <LoadedDesigner Value="True"/>
      </Unit24>
      <Unit25>
        <Filename Value="UnitUnpack.lfm"/>
        <WindowIndex Value="0"/>
        <TopLine Value="110"/>
        <CursorPos X="30" Y="142"/>
        <UsageCount Value="11"/>
        <DefaultSyntaxHighlighter Value="LFM"/>
      </Unit25>
      <Unit26>
        <Filename Value="../VirtualShellTools/Source/VirtualExplorerTree.pas"/>
        <UnitName Value="VirtualExplorerTree"/>
        <WindowIndex Value="0"/>
        <TopLine Value="125"/>
        <CursorPos X="1" Y="148"/>
        <UsageCount Value="11"/>
      </Unit26>
      <Unit27>
        <Filename Value="../VirtualShellTools/Source/VirtualScrollbars.pas"/>
        <UnitName Value="VirtualScrollbars"/>
        <WindowIndex Value="0"/>
        <TopLine Value="17"/>
        <CursorPos X="1" Y="47"/>
        <UsageCount Value="11"/>
      </Unit27>
      <Unit28>
        <Filename Value="/usr/lib/lazarus/default/lcl/ldocktree.pas"/>
        <UnitName Value="LDockTree"/>
        <WindowIndex Value="0"/>
        <TopLine Value="338"/>
        <CursorPos X="3" Y="358"/>
        <UsageCount Value="11"/>
      </Unit28>
      <Unit29>
        <Filename Value="/usr/lib/lazarus/default/lcl/grids.pas"/>
        <UnitName Value="Grids"/>
        <WindowIndex Value="0"/>
        <TopLine Value="21"/>
        <CursorPos X="42" Y="42"/>
        <UsageCount Value="11"/>
      </Unit29>
      <Unit30>
        <Filename Value="/usr/lib/lazarus/default/lcl/graphutil.pp"/>
        <UnitName Value="GraphUtil"/>
        <WindowIndex Value="0"/>
        <TopLine Value="61"/>
        <CursorPos X="1" Y="1"/>
        <UsageCount Value="11"/>
      </Unit30>
      <Unit31>
        <Filename Value="/usr/lib/lazarus/0.9.30/lcl/include/winapih.inc"/>
        <WindowIndex Value="0"/>
        <TopLine Value="138"/>
        <CursorPos X="81" Y="156"/>
        <UsageCount Value="11"/>
      </Unit31>
      <Unit32>
        <Filename Value="/usr/lib/lazarus/0.9.30/lcl/include/winapi.inc"/>
        <WindowIndex Value="0"/>
        <TopLine Value="1271"/>
        <CursorPos X="3" Y="1282"/>
        <UsageCount Value="11"/>
      </Unit32>
      <Unit33>
        <Filename Value="/usr/lib/lazarus/default/examples/pen_brush/unit1.pas"/>
        <UnitName Value="Unit1"/>
        <WindowIndex Value="0"/>
        <TopLine Value="1"/>
        <CursorPos X="42" Y="9"/>
        <UsageCount Value="11"/>
      </Unit33>
      <Unit34>
        <Filename Value="../VirtualShellTools/Source/VirtualShellNotifier.pas"/>
        <UnitName Value="VirtualShellNotifier"/>
        <WindowIndex Value="0"/>
        <TopLine Value="25"/>
        <CursorPos X="19" Y="44"/>
        <UsageCount Value="10"/>
      </Unit34>
      <Unit35>
        <Filename Value="../Common Library/Source/MPCommonObjects.pas"/>
        <UnitName Value="MPCommonObjects"/>
        <WindowIndex Value="0"/>
        <TopLine Value="25"/>
        <CursorPos X="1" Y="40"/>
        <UsageCount Value="10"/>
      </Unit35>
      <Unit36>
        <Filename Value="../Common Library/Source/MPShellTypes.pas"/>
        <UnitName Value="MPShellTypes"/>
        <WindowIndex Value="0"/>
        <TopLine Value="127"/>
        <CursorPos X="4" Y="145"/>
        <UsageCount Value="10"/>
      </Unit36>
      <Unit37>
        <Filename Value="/usr/lib/lazarus/default/lcl/interfaces/win32/win32uxtheme.pas"/>
        <UnitName Value="Win32UxTheme"/>
        <WindowIndex Value="0"/>
        <TopLine Value="49"/>
        <CursorPos X="53" Y="188"/>
        <UsageCount Value="10"/>
      </Unit37>
      <Unit38>
        <Filename Value="transedt.pas"/>
        <UnitName Value="Transedt"/>
        <WindowIndex Value="0"/>
        <TopLine Value="132"/>
        <CursorPos X="2" Y="40"/>
        <UsageCount Value="11"/>
      </Unit38>
      <Unit39>
        <Filename Value="/usr/lib/lazarus/0.9.30/lcl/chart.pp"/>
        <UnitName Value="Chart"/>
        <EditorIndex Value="11"/>
        <WindowIndex Value="0"/>
        <TopLine Value="1"/>
        <CursorPos X="28" Y="35"/>
        <UsageCount Value="14"/>
        <Loaded Value="True"/>
      </Unit39>
      <Unit40>
        <Filename Value="/usr/lib/lazarus/0.9.30/examples/gridexamples/grid_semaphor/semaphorgrids.pas"/>
        <UnitName Value="SemaphorGrids"/>
        <WindowIndex Value="0"/>
        <TopLine Value="41"/>
        <CursorPos X="1" Y="63"/>
        <UsageCount Value="10"/>
      </Unit40>
      <Unit41>
        <Filename Value="/usr/lib/lazarus/0.9.30/lcl/lmessages.pp"/>
        <UnitName Value="LMessages"/>
        <WindowIndex Value="0"/>
        <TopLine Value="1"/>
        <CursorPos X="48" Y="3"/>
        <UsageCount Value="10"/>
      </Unit41>
      <Unit42>
        <Filename Value="InstallU.lfm"/>
        <WindowIndex Value="0"/>
        <TopLine Value="175"/>
        <CursorPos X="30" Y="188"/>
        <UsageCount Value="10"/>
        <DefaultSyntaxHighlighter Value="LFM"/>
      </Unit42>
      <Unit43>
        <Filename Value="InstallU.dfm"/>
        <WindowIndex Value="0"/>
        <TopLine Value="189"/>
        <CursorPos X="30" Y="196"/>
        <UsageCount Value="10"/>
        <DefaultSyntaxHighlighter Value="LFM"/>
      </Unit43>
      <Unit44>
        <Filename Value="MsgboxU.pas"/>
        <UnitName Value="MsgboxU"/>
        <EditorIndex Value="24"/>
        <WindowIndex Value="0"/>
        <TopLine Value="1"/>
        <CursorPos X="14" Y="10"/>
        <UsageCount Value="14"/>
        <Loaded Value="True"/>
      </Unit44>
      <Unit45>
        <Filename Value="MsgboxU.lfm"/>
        <WindowIndex Value="0"/>
        <TopLine Value="46"/>
        <CursorPos X="35" Y="78"/>
        <UsageCount Value="10"/>
        <DefaultSyntaxHighlighter Value="LFM"/>
      </Unit45>
      <Unit46>
        <Filename Value="DecryptU.dfm"/>
        <WindowIndex Value="0"/>
        <TopLine Value="1"/>
        <CursorPos X="1" Y="1"/>
        <UsageCount Value="10"/>
        <DefaultSyntaxHighlighter Value="LFM"/>
      </Unit46>
      <Unit47>
        <Filename Value="MsgboxU.dfm"/>
        <WindowIndex Value="0"/>
        <TopLine Value="46"/>
        <CursorPos X="35" Y="78"/>
        <UsageCount Value="10"/>
        <DefaultSyntaxHighlighter Value="LFM"/>
      </Unit47>
      <Unit48>
        <Filename Value="/usr/lib/lazarus/0.9.30/components/aggpas/src/agg_span_image_filter_rgb.pas"/>
        <UnitName Value="agg_span_image_filter_rgb"/>
        <EditorIndex Value="22"/>
        <WindowIndex Value="0"/>
        <TopLine Value="88"/>
        <CursorPos X="20" Y="108"/>
        <UsageCount Value="14"/>
        <Loaded Value="True"/>
      </Unit48>
      <Unit49>
        <Filename Value="/usr/lib/lazarus/0.9.30/lcl/interfaces/gtk2/gtk2proc.inc"/>
        <EditorIndex Value="23"/>
        <WindowIndex Value="0"/>
        <TopLine Value="1710"/>
        <CursorPos X="9" Y="1730"/>
        <UsageCount Value="14"/>
        <Loaded Value="True"/>
      </Unit49>
      <Unit50>
        <Filename Value="/usr/lib/lazarus/0.9.30/lcl/graphics.pp"/>
        <UnitName Value="Graphics"/>
        <EditorIndex Value="20"/>
        <WindowIndex Value="0"/>
        <TopLine Value="1120"/>
        <CursorPos X="35" Y="1149"/>
        <UsageCount Value="14"/>
        <Loaded Value="True"/>
      </Unit50>
      <Unit51>
        <Filename Value="/usr/lib/lazarus/0.9.30/lcl/shellctrls.pas"/>
        <UnitName Value="ShellCtrls"/>
        <IsVisibleTab Value="True"/>
        <EditorIndex Value="19"/>
        <WindowIndex Value="0"/>
        <TopLine Value="92"/>
        <CursorPos X="3" Y="49"/>
        <UsageCount Value="14"/>
        <Loaded Value="True"/>
      </Unit51>
      <Unit52>
        <Filename Value="/usr/lib/lazarus/0.9.30/ide/ideprocs.pp"/>
        <UnitName Value="IDEProcs"/>
        <EditorIndex Value="18"/>
        <WindowIndex Value="0"/>
        <TopLine Value="232"/>
        <CursorPos X="53" Y="259"/>
        <UsageCount Value="13"/>
        <Loaded Value="True"/>
      </Unit52>
      <Unit53>
        <Filename Value="/usr/share/fpcsrc/2.4.2/rtl/unix/sysutils.pp"/>
        <UnitName Value="sysutils"/>
        <EditorIndex Value="17"/>
        <WindowIndex Value="0"/>
        <TopLine Value="861"/>
        <CursorPos X="67" Y="893"/>
        <UsageCount Value="13"/>
        <Loaded Value="True"/>
      </Unit53>
      <Unit54>
        <Filename Value="SplashU.pas"/>
        <ComponentName Value="frmSplashScreen"/>
        <HasResources Value="True"/>
        <ResourceBaseClass Value="Form"/>
        <UnitName Value="SplashU"/>
        <EditorIndex Value="14"/>
        <WindowIndex Value="0"/>
        <TopLine Value="1"/>
        <CursorPos X="57" Y="13"/>
        <UsageCount Value="13"/>
        <Loaded Value="True"/>
        <LoadedDesigner Value="True"/>
      </Unit54>
      <Unit55>
        <Filename Value="EnterPasswordU.pas"/>
        <UnitName Value="EnterPasswordU"/>
        <EditorIndex Value="16"/>
        <WindowIndex Value="0"/>
        <TopLine Value="1"/>
        <CursorPos X="12" Y="7"/>
        <UsageCount Value="13"/>
        <Loaded Value="True"/>
      </Unit55>
      <Unit56>
        <Filename Value="NfoU.pas"/>
        <ComponentName Value="frmNFO"/>
        <HasResources Value="True"/>
        <ResourceBaseClass Value="Form"/>
        <UnitName Value="NfoU"/>
        <EditorIndex Value="15"/>
        <WindowIndex Value="0"/>
        <TopLine Value="26"/>
        <CursorPos X="3" Y="26"/>
        <UsageCount Value="13"/>
        <Loaded Value="True"/>
        <LoadedDesigner Value="True"/>
      </Unit56>
      <Unit57>
        <Filename Value="NfoU.lfm"/>
        <WindowIndex Value="0"/>
        <TopLine Value="31"/>
        <CursorPos X="24" Y="63"/>
        <UsageCount Value="10"/>
        <DefaultSyntaxHighlighter Value="LFM"/>
      </Unit57>
      <Unit58>
        <Filename Value="NfoU.dfm"/>
        <WindowIndex Value="0"/>
        <TopLine Value="31"/>
        <CursorPos X="24" Y="63"/>
        <UsageCount Value="10"/>
        <DefaultSyntaxHighlighter Value="LFM"/>
      </Unit58>
      <Unit59>
        <Filename Value="SearchU.pas"/>
        <HasResources Value="True"/>
        <UnitName Value="SearchU"/>
        <EditorIndex Value="8"/>
        <WindowIndex Value="0"/>
        <TopLine Value="1"/>
        <CursorPos X="1" Y="4"/>
        <UsageCount Value="13"/>
        <Loaded Value="True"/>
      </Unit59>
      <Unit60>
        <Filename Value="SearchU.dfm"/>
        <WindowIndex Value="0"/>
        <TopLine Value="69"/>
        <CursorPos X="40" Y="101"/>
        <UsageCount Value="10"/>
        <DefaultSyntaxHighlighter Value="LFM"/>
      </Unit60>
      <Unit61>
        <Filename Value="SearchU.lfm"/>
        <WindowIndex Value="0"/>
        <TopLine Value="69"/>
        <CursorPos X="40" Y="101"/>
        <UsageCount Value="11"/>
        <DefaultSyntaxHighlighter Value="LFM"/>
      </Unit61>
      <Unit62>
        <Filename Value="laztransctrls.pas"/>
        <UnitName Value="laztransctrls"/>
        <WindowIndex Value="0"/>
        <TopLine Value="1"/>
        <CursorPos X="9" Y="10"/>
        <UsageCount Value="10"/>
      </Unit62>
      <Unit63>
        <Filename Value="/usr/lib/lazarus/0.9.30/ide/lazarus.pp"/>
        <UnitName Value="Lazarus"/>
        <EditorIndex Value="10"/>
        <WindowIndex Value="0"/>
        <TopLine Value="96"/>
        <CursorPos X="1" Y="130"/>
        <UsageCount Value="13"/>
        <Loaded Value="True"/>
      </Unit63>
      <Unit64>
        <Filename Value="../../Lazarus/composants/jvXP/JvXPBarLaz.lpk"/>
        <WindowIndex Value="0"/>
        <TopLine Value="61"/>
        <CursorPos X="1" Y="89"/>
        <UsageCount Value="10"/>
        <DefaultSyntaxHighlighter Value="XML"/>
      </Unit64>
      <Unit65>
        <Filename Value="ScreenshotU.pas"/>
        <UnitName Value="ScreenshotU"/>
        <EditorIndex Value="9"/>
        <WindowIndex Value="0"/>
        <TopLine Value="1"/>
        <CursorPos X="3" Y="11"/>
        <UsageCount Value="13"/>
        <Loaded Value="True"/>
      </Unit65>
      <Unit66>
        <Filename Value="/usr/share/fpcsrc/2.4.2/rtl/inc/objpash.inc"/>
        <WindowIndex Value="0"/>
        <TopLine Value="1"/>
        <CursorPos X="1" Y="1"/>
        <UsageCount Value="11"/>
      </Unit66>
      <Unit67>
        <Filename Value="/usr/share/fpcsrc/2.4.2/rtl/inc/systemh.inc"/>
        <WindowIndex Value="0"/>
        <TopLine Value="848"/>
        <CursorPos X="11" Y="871"/>
        <UsageCount Value="11"/>
      </Unit67>
      <Unit68>
        <Filename Value="/usr/lib/lazarus/0.9.30/lcl/lcltype.pp"/>
        <UnitName Value="LCLType"/>
        <EditorIndex Value="21"/>
        <WindowIndex Value="0"/>
        <TopLine Value="1243"/>
        <CursorPos X="38" Y="1272"/>
        <UsageCount Value="13"/>
        <Loaded Value="True"/>
      </Unit68>
      <Unit69>
        <Filename Value="/usr/lib/lazarus/0.9.30/components/customdrawn/customdrawnutils.pas"/>
        <UnitName Value="customdrawnutils"/>
        <WindowIndex Value="0"/>
        <TopLine Value="210"/>
        <CursorPos X="46" Y="228"/>
        <UsageCount Value="10"/>
      </Unit69>
      <Unit70>
        <Filename Value="/usr/lib/lazarus/0.9.30/lcl/intfgraphics.pas"/>
        <UnitName Value="IntfGraphics"/>
        <WindowIndex Value="0"/>
        <TopLine Value="96"/>
        <CursorPos X="15" Y="257"/>
        <UsageCount Value="10"/>
      </Unit70>
      <Unit71>
        <Filename Value="/usr/lib/lazarus/0.9.30/components/lazreport/source/lr_const.pas"/>
        <UnitName Value="LR_Const"/>
        <WindowIndex Value="0"/>
        <TopLine Value="457"/>
        <CursorPos X="21" Y="475"/>
        <UsageCount Value="10"/>
      </Unit71>
      <Unit72>
        <Filename Value="/usr/share/fpcsrc/2.4.2/rtl/objpas/types.pp"/>
        <UnitName Value="types"/>
        <WindowIndex Value="0"/>
        <TopLine Value="82"/>
        <CursorPos X="3" Y="100"/>
        <UsageCount Value="10"/>
      </Unit72>
      <Unit73>
        <Filename Value="/usr/lib/lazarus/0.9.30/ide/lazarusmanager.pas"/>
        <UnitName Value="LazarusManager"/>
        <EditorIndex Value="7"/>
        <WindowIndex Value="0"/>
        <TopLine Value="162"/>
        <CursorPos X="23" Y="191"/>
        <UsageCount Value="12"/>
        <Loaded Value="True"/>
      </Unit73>
      <Unit74>
        <Filename Value="/usr/lib/lazarus/0.9.30/components/filebrowser/frmfilebrowser.pas"/>
        <UnitName Value="frmFileBrowser"/>
        <EditorIndex Value="6"/>
        <WindowIndex Value="0"/>
        <TopLine Value="376"/>
        <CursorPos X="1" Y="380"/>
        <UsageCount Value="12"/>
        <Loaded Value="True"/>
      </Unit74>
      <Unit75>
        <Filename Value="../../fdtreeview/FDTreeView.pas"/>
        <UnitName Value="FDTreeView"/>
        <EditorIndex Value="5"/>
        <WindowIndex Value="0"/>
        <TopLine Value="1"/>
        <CursorPos X="1" Y="1"/>
        <UsageCount Value="12"/>
        <Loaded Value="True"/>
      </Unit75>
      <Unit76>
        <Filename Value="/usr/lib/lazarus/0.9.30/components/lazreport/source/lr_utils.pas"/>
        <UnitName Value="LR_Utils"/>
        <EditorIndex Value="4"/>
        <WindowIndex Value="0"/>
        <TopLine Value="470"/>
        <CursorPos X="13" Y="472"/>
        <UsageCount Value="10"/>
        <Loaded Value="True"/>
      </Unit76>
      <Unit77>
        <Filename Value="MediaInterface.pas"/>
        <UnitName Value="MediaInterface"/>
        <EditorIndex Value="3"/>
        <WindowIndex Value="0"/>
        <TopLine Value="1"/>
        <CursorPos X="15" Y="7"/>
        <UsageCount Value="10"/>
        <Loaded Value="True"/>
      </Unit77>
    </Units>
    <JumpHistory Count="30" HistoryIndex="29">
      <Position1>
        <Filename Value="GoWinU.pas"/>
        <Caret Line="657" Column="18" TopLine="639"/>
      </Position1>
      <Position2>
        <Filename Value="GoWinU.pas"/>
        <Caret Line="3807" Column="8" TopLine="3783"/>
      </Position2>
      <Position3>
        <Filename Value="GoWinU.pas"/>
        <Caret Line="3842" Column="12" TopLine="3820"/>
      </Position3>
      <Position4>
        <Filename Value="GoWinU.pas"/>
        <Caret Line="3875" Column="8" TopLine="3835"/>
      </Position4>
      <Position5>
        <Filename Value="/usr/lib/lazarus/0.9.30/lcl/shellctrls.pas"/>
        <Caret Line="87" Column="3" TopLine="87"/>
      </Position5>
      <Position6>
        <Filename Value="GoWinU.pas"/>
        <Caret Line="3922" Column="24" TopLine="3911"/>
      </Position6>
      <Position7>
        <Filename Value="GoWinU.pas"/>
        <Caret Line="3933" Column="25" TopLine="3911"/>
      </Position7>
      <Position8>
        <Filename Value="GoWinU.pas"/>
        <Caret Line="3939" Column="13" TopLine="3915"/>
      </Position8>
      <Position9>
        <Filename Value="GoWinU.pas"/>
        <Caret Line="3991" Column="81" TopLine="3969"/>
      </Position9>
      <Position10>
        <Filename Value="GoWinU.pas"/>
        <Caret Line="3994" Column="1" TopLine="3979"/>
      </Position10>
      <Position11>
        <Filename Value="GoWinU.pas"/>
        <Caret Line="4001" Column="17" TopLine="3979"/>
      </Position11>
      <Position12>
        <Filename Value="GoWinU.pas"/>
        <Caret Line="4053" Column="17" TopLine="4032"/>
      </Position12>
      <Position13>
        <Filename Value="GoWinU.pas"/>
        <Caret Line="4812" Column="21" TopLine="4790"/>
      </Position13>
      <Position14>
        <Filename Value="GoWinU.pas"/>
        <Caret Line="4840" Column="21" TopLine="4818"/>
      </Position14>
      <Position15>
        <Filename Value="GoWinU.pas"/>
        <Caret Line="5267" Column="25" TopLine="5249"/>
      </Position15>
      <Position16>
        <Filename Value="GoWinU.pas"/>
        <Caret Line="265" Column="1" TopLine="265"/>
      </Position16>
      <Position17>
        <Filename Value="GoWinU.pas"/>
        <Caret Line="654" Column="1" TopLine="621"/>
      </Position17>
      <Position18>
        <Filename Value="GoWinU.pas"/>
        <Caret Line="1347" Column="8" TopLine="1310"/>
      </Position18>
      <Position19>
        <Filename Value="GoWinU.pas"/>
        <Caret Line="1379" Column="1" TopLine="1357"/>
      </Position19>
      <Position20>
        <Filename Value="GoWinU.pas"/>
        <Caret Line="5258" Column="37" TopLine="5236"/>
      </Position20>
      <Position21>
        <Filename Value="GoWinU.pas"/>
        <Caret Line="5415" Column="36" TopLine="5393"/>
      </Position21>
      <Position22>
        <Filename Value="GoWinU.pas"/>
        <Caret Line="5436" Column="12" TopLine="5414"/>
      </Position22>
      <Position23>
        <Filename Value="GoWinU.pas"/>
        <Caret Line="6075" Column="13" TopLine="6038"/>
      </Position23>
      <Position24>
        <Filename Value="GoWinU.pas"/>
        <Caret Line="5453" Column="10" TopLine="5414"/>
      </Position24>
      <Position25>
        <Filename Value="GoWinU.pas"/>
        <Caret Line="5608" Column="5" TopLine="5585"/>
      </Position25>
      <Position26>
        <Filename Value="GoWinU.pas"/>
        <Caret Line="5671" Column="64" TopLine="5650"/>
      </Position26>
      <Position27>
        <Filename Value="GoWinU.pas"/>
        <Caret Line="8597" Column="34" TopLine="8560"/>
      </Position27>
      <Position28>
        <Filename Value="GoWinU.pas"/>
        <Caret Line="5818" Column="17" TopLine="5796"/>
      </Position28>
      <Position29>
        <Filename Value="InstallU.pas"/>
        <Caret Line="56" Column="19" TopLine="34"/>
      </Position29>
      <Position30>
        <Filename Value="/usr/lib/lazarus/0.9.30/lcl/shellctrls.pas"/>
        <Caret Line="87" Column="34" TopLine="65"/>
      </Position30>
    </JumpHistory>
  </ProjectOptions>
  <CompilerOptions>
    <Version Value="9"/>
    <SearchPaths>
      <IncludeFiles Value="$(ProjOutDir)"/>
    </SearchPaths>
    <Parsing>
      <SyntaxOptions>
        <UseAnsiStrings Value="False"/>
      </SyntaxOptions>
    </Parsing>
    <Other>
      <CompilerPath Value="$(CompPath)"/>
    </Other>
  </CompilerOptions>
  <Debugging>
    <Exceptions Count="3">
      <Item1>
        <Name Value="EAbort"/>
      </Item1>
      <Item2>
        <Name Value="ECodetoolError"/>
      </Item2>
      <Item3>
        <Name Value="EFOpenError"/>
      </Item3>
    </Exceptions>
  </Debugging>
</CONFIG>
